
Microsoft Visual Studio Solution File, Format Version 12.00
# Visual Studio Version 17
VisualStudioVersion = 17.9.34616.47
MinimumVisualStudioVersion = 10.0.40219.1
Project("{FAE04EC0-301F-11D3-BF4B-00C04F79EFBC}") = "WinFormsApp2", "WinFormsApp2.csproj", "{5CDBE336-FA2C-4BA9-BF16-49D460148CF1}"
EndProject
Global
	GlobalSection(SolutionConfigurationPlatforms) = preSolution
		Debug|Any CPU = Debug|Any CPU
		Release|Any CPU = Release|Any CPU
	EndGlobalSection
	GlobalSection(ProjectConfigurationPlatforms) = postSolution
		{5CDBE336-FA2C-4BA9-BF16-49D460148CF1}.Debug|Any CPU.ActiveCfg = Debug|Any CPU
		{5CDBE336-FA2C-4BA9-BF16-49D460148CF1}.Debug|Any CPU.Build.0 = Debug|Any CPU
		{5CDBE336-FA2C-4BA9-BF16-49D460148CF1}.Release|Any CPU.ActiveCfg = Release|Any CPU
		{5CDBE336-FA2C-4BA9-BF16-49D460148CF1}.Release|Any CPU.Build.0 = Release|Any CPU
	EndGlobalSection
	GlobalSection(SolutionProperties) = preSolution
		HideSolutionNode = FALSE
	EndGlobalSection
	GlobalSection(ExtensibilityGlobals) = postSolution
		SolutionGuid = {7D1C2037-28B3-4AD1-8549-7D399196240D}
	EndGlobalSection
EndGlobal
